
Microsoft Visual Studio Solution File, Format Version 12.00
# Visual Studio Version 17
VisualStudioVersion = 17.11.35219.272
MinimumVisualStudioVersion = 10.0.40219.1
Project("{888888A0-9F3D-457C-B088-3A5042F75D52}") = "Task_1 Inventory_Management_System", "Task_1 Inventory_Management_System\Task_1 Inventory_Management_System.pyproj", "{642908BC-41F0-4966-AB42-DE992D24DA28}"
EndProject
Global
	GlobalSection(SolutionConfigurationPlatforms) = preSolution
		Debug|Any CPU = Debug|Any CPU
		Release|Any CPU = Release|Any CPU
	EndGlobalSection
	GlobalSection(ProjectConfigurationPlatforms) = postSolution
		{642908BC-41F0-4966-AB42-DE992D24DA28}.Debug|Any CPU.ActiveCfg = Debug|Any CPU
		{642908BC-41F0-4966-AB42-DE992D24DA28}.Release|Any CPU.ActiveCfg = Release|Any CPU
	EndGlobalSection
	GlobalSection(SolutionProperties) = preSolution
		HideSolutionNode = FALSE
	EndGlobalSection
	GlobalSection(ExtensibilityGlobals) = postSolution
		SolutionGuid = {C989D914-2BE8-4C55-BD7F-8ED32CB00FCA}
	EndGlobalSection
EndGlobal
